
Microsoft Visual Studio Solution File, Format Version 12.00
# Visual Studio Version 17
VisualStudioVersion = 17.6.33723.286
MinimumVisualStudioVersion = 10.0.40219.1
Project("{FAE04EC0-301F-11D3-BF4B-00C04F79EFBC}") = "MyBot", "MyBot.csproj", "{78FA64FF-DEA3-4DFE-AC97-2101F8CCC23B}"
EndProject
Global
	GlobalSection(SolutionConfigurationPlatforms) = preSolution
		Debug|Any CPU = Debug|Any CPU
		Release|Any CPU = Release|Any CPU
	EndGlobalSection
	GlobalSection(ProjectConfigurationPlatforms) = postSolution
		{78FA64FF-DEA3-4DFE-AC97-2101F8CCC23B}.Debug|Any CPU.ActiveCfg = Debug|Any CPU
		{78FA64FF-DEA3-4DFE-AC97-2101F8CCC23B}.Debug|Any CPU.Build.0 = Debug|Any CPU
		{78FA64FF-DEA3-4DFE-AC97-2101F8CCC23B}.Release|Any CPU.ActiveCfg = Release|Any CPU
		{78FA64FF-DEA3-4DFE-AC97-2101F8CCC23B}.Release|Any CPU.Build.0 = Release|Any CPU
	EndGlobalSection
	GlobalSection(SolutionProperties) = preSolution
		HideSolutionNode = FALSE
	EndGlobalSection
	GlobalSection(ExtensibilityGlobals) = postSolution
		SolutionGuid = {5F436196-D49A-4261-8C3B-511D7021F2D5}
	EndGlobalSection
EndGlobal
